
Microsoft Visual Studio Solution File, Format Version 12.00
# Visual Studio 15
VisualStudioVersion = 15.0.27130.2024
MinimumVisualStudioVersion = 10.0.40219.1
Project("{FAE04EC0-301F-11D3-BF4B-00C04F79EFBC}") = "kaffe", "kaffe\kaffe.csproj", "{56A489CB-6651-4B65-8AC7-EE84D4A7FE48}"
EndProject
Project("{FAE04EC0-301F-11D3-BF4B-00C04F79EFBC}") = "kaffeTests", "kaffeTests\kaffeTests.csproj", "{053B9F2F-41D0-48FC-A393-4B25CA8150E6}"
EndProject
Project("{FAE04EC0-301F-11D3-BF4B-00C04F79EFBC}") = "ConsoleKaffeApp", "ConsoleKaffeApp\ConsoleKaffeApp.csproj", "{63B956AA-802B-4B09-B1BA-EC5F7848D1DE}"
EndProject
Global
	GlobalSection(SolutionConfigurationPlatforms) = preSolution
		Debug|Any CPU = Debug|Any CPU
		Release|Any CPU = Release|Any CPU
	EndGlobalSection
	GlobalSection(ProjectConfigurationPlatforms) = postSolution
		{56A489CB-6651-4B65-8AC7-EE84D4A7FE48}.Debug|Any CPU.ActiveCfg = Debug|Any CPU
		{56A489CB-6651-4B65-8AC7-EE84D4A7FE48}.Debug|Any CPU.Build.0 = Debug|Any CPU
		{56A489CB-6651-4B65-8AC7-EE84D4A7FE48}.Release|Any CPU.ActiveCfg = Release|Any CPU
		{56A489CB-6651-4B65-8AC7-EE84D4A7FE48}.Release|Any CPU.Build.0 = Release|Any CPU
		{053B9F2F-41D0-48FC-A393-4B25CA8150E6}.Debug|Any CPU.ActiveCfg = Debug|Any CPU
		{053B9F2F-41D0-48FC-A393-4B25CA8150E6}.Debug|Any CPU.Build.0 = Debug|Any CPU
		{053B9F2F-41D0-48FC-A393-4B25CA8150E6}.Release|Any CPU.ActiveCfg = Release|Any CPU
		{053B9F2F-41D0-48FC-A393-4B25CA8150E6}.Release|Any CPU.Build.0 = Release|Any CPU
		{63B956AA-802B-4B09-B1BA-EC5F7848D1DE}.Debug|Any CPU.ActiveCfg = Debug|Any CPU
		{63B956AA-802B-4B09-B1BA-EC5F7848D1DE}.Debug|Any CPU.Build.0 = Debug|Any CPU
		{63B956AA-802B-4B09-B1BA-EC5F7848D1DE}.Release|Any CPU.ActiveCfg = Release|Any CPU
		{63B956AA-802B-4B09-B1BA-EC5F7848D1DE}.Release|Any CPU.Build.0 = Release|Any CPU
	EndGlobalSection
	GlobalSection(SolutionProperties) = preSolution
		HideSolutionNode = FALSE
	EndGlobalSection
	GlobalSection(ExtensibilityGlobals) = postSolution
		SolutionGuid = {C07908C7-769B-4503-9CFF-A19251558276}
	EndGlobalSection
EndGlobal
